lockfile_version: '1'
generated_at: '2026-08-11T08:09:16.391647+00:00'
dependencies: []
deployments:
- kind: project-relative
  target: agents
  value: .agents/skills/harness-rules
  runtime: null
  scope: project
  owners:
  - .
  active_owner: .
  content_hash: null
- kind: project-relative
  target: agents
  value: .agents/skills/harness-rules/SKILL.md
  runtime: null
  scope: project
  owners:
  - .
  active_owner: .
  content_hash: sha256:2c96655da6a09c79b7848c0acde63cd22f251d5ce63daa044d931c90d6db82cd
- kind: project-relative
  target: agents
  value: .agents/skills/okf-rules
  runtime: null
  scope: project
  owners:
  - .
  active_owner: .
  content_hash: null
- kind: project-relative
  target: agents
  value: .agents/skills/okf-rules/SKILL.md
  runtime: null
  scope: project
  owners:
  - .
  active_owner: .
  content_hash: sha256:7466b383b8ea371a4dff903d79f789f0342e7094cf07be27cbf3f0eb7b5b82b2
- kind: project-relative
  target: cursor
  value: .cursor/rules/coding-principles.mdc
  runtime: null
  scope: project
  owners:
  - .
  active_owner: .
  content_hash: sha256:aab4366e95e455f1613406a3ea8a473d8d8a766ed7dbf5c55043b3262976401b
- kind: project-relative
  target: cursor
  value: .cursor/rules/communication.mdc
  runtime: null
  scope: project
  owners:
  - .
  active_owner: .
  content_hash: sha256:74918c491fb7821835eaa6564bf858c05a5b1b72564e3c03ce0080c5ea84aed2
- kind: project-relative
  target: cursor
  value: .cursor/rules/context-reasoning.mdc
  runtime: null
  scope: project
  owners:
  - .
  active_owner: .
  content_hash: sha256:046ff66aee22e08591b40af154fc9b624517dde962339cda3355e021b2bb6cf0
- kind: project-relative
  target: cursor
  value: .cursor/rules/english-language.mdc
  runtime: null
  scope: project
  owners:
  - .
  active_owner: .
  content_hash: sha256:bac917f3fe53afdfed56004a4d288f732cb5a1b448c62c240c40fdb6850a1391
- kind: project-relative
  target: cursor
  value: .cursor/rules/instruction-following.mdc
  runtime: null
  scope: project
  owners:
  - .
  active_owner: .
  content_hash: sha256:0e0d655befbb86708ebda03ddd45cec50b63f7478ce49f06fb29a03327ed3771
- kind: project-relative
  target: cursor
  value: .cursor/rules/okf-v0.2-application.mdc
  runtime: null
  scope: project
  owners:
  - .
  active_owner: .
  content_hash: sha256:5cf51c9d8574e171852e042ea898bcfa937e535855a5b0fd3b94173d94d6e7ed
- kind: project-relative
  target: cursor
  value: .cursor/rules/quality-gates.mdc
  runtime: null
  scope: project
  owners:
  - .
  active_owner: .
  content_hash: sha256:6f0507a05a27961ce36401d69218140a1919777056c5ea186c160c7a262be6a1
local_deployed_files:
- .agents/skills/harness-rules
- .agents/skills/harness-rules/SKILL.md
- .agents/skills/okf-rules
- .agents/skills/okf-rules/SKILL.md
- .cursor/rules/coding-principles.mdc
- .cursor/rules/communication.mdc
- .cursor/rules/context-reasoning.mdc
- .cursor/rules/english-language.mdc
- .cursor/rules/instruction-following.mdc
- .cursor/rules/okf-v0.2-application.mdc
- .cursor/rules/quality-gates.mdc
local_deployed_file_hashes:
  .agents/skills/harness-rules/SKILL.md: sha256:2c96655da6a09c79b7848c0acde63cd22f251d5ce63daa044d931c90d6db82cd
  .agents/skills/okf-rules/SKILL.md: sha256:7466b383b8ea371a4dff903d79f789f0342e7094cf07be27cbf3f0eb7b5b82b2
  .cursor/rules/coding-principles.mdc: sha256:aab4366e95e455f1613406a3ea8a473d8d8a766ed7dbf5c55043b3262976401b
  .cursor/rules/communication.mdc: sha256:74918c491fb7821835eaa6564bf858c05a5b1b72564e3c03ce0080c5ea84aed2
  .cursor/rules/context-reasoning.mdc: sha256:046ff66aee22e08591b40af154fc9b624517dde962339cda3355e021b2bb6cf0
  .cursor/rules/english-language.mdc: sha256:bac917f3fe53afdfed56004a4d288f732cb5a1b448c62c240c40fdb6850a1391
  .cursor/rules/instruction-following.mdc: sha256:0e0d655befbb86708ebda03ddd45cec50b63f7478ce49f06fb29a03327ed3771
  .cursor/rules/okf-v0.2-application.mdc: sha256:5cf51c9d8574e171852e042ea898bcfa937e535855a5b0fd3b94173d94d6e7ed
  .cursor/rules/quality-gates.mdc: sha256:6f0507a05a27961ce36401d69218140a1919777056c5ea186c160c7a262be6a1
